version = 1
revision = 3
requires-python = "==3.13.*"

[[package]]
name = "atomicwrites"
version = "1.3.0"
source = { registry = "https://pypi.org/simple" }
sdist = { url = "https://files.pythonhosted.org/packages/ec/0f/cd484ac8820fed363b374af30049adc8fd13065720fd4f4c6be8a2309da7/atomicwrites-1.3.0.tar.gz", hash = "sha256:75a9445bac02d8d058d5e1fe689654ba5a6556a1dfd8ce6ec55a0ed79866cfa6", size = 11699, upload-time = "2022-07-09T04:09:50.226Z" }
wheels = [
    { url = "https://files.pythonhosted.org/packages/52/90/6155aa926f43f2b2a22b01be7241be3bfd1ceaf7d0b3267213e8127d41f4/atomicwrites-1.3.0-py2.py3-none-any.whl", hash = "sha256:03472c30eb2c5d1ba9227e4c2ca66ab8287fbfbbda3888aa93dc2e28fc6811b4", size = 5885, upload-time = "2022-07-09T04:09:07.052Z" },
]

[[package]]
name = "attrs"
version = "19.1.0"
source = { registry = "https://pypi.org/simple" }
sdist = { url = "https://files.pythonhosted.org/packages/cc/d9/931a24cc5394f19383fbbe3e1147a0291276afa43a0dc3ed0d6cd9fda813/attrs-19.1.0.tar.gz", hash = "sha256:f0b870f674851ecbfbbbd364d6b5cbdff9dcedbc7f3f5e18a6891057f21fe399", size = 124220, upload-time = "2019-03-03T09:07:58.826Z" }
wheels = [
    { url = "https://files.pythonhosted.org/packages/23/96/d828354fa2dbdf216eaa7b7de0db692f12c234f7ef888cc14980ef40d1d2/attrs-19.1.0-py2.py3-none-any.whl", hash = "sha256:69c0dbf2ed392de1cb5ec704444b08a5ef81680a61cb899dc08127123af36a79", size = 35784, upload-time = "2019-03-03T09:07:56.654Z" },
]

[[package]]
name = "blinker"
version = "1.6.2"
source = { registry = "https://pypi.org/simple" }
sdist = { url = "https://files.pythonhosted.org/packages/e8/f9/a05287f3d5c54d20f51a235ace01f50620984bc7ca5ceee781dc645211c5/blinker-1.6.2.tar.gz", hash = "sha256:4afd3de66ef3a9f8067559fb7a1cbe555c17dcbe15971b05d1b625c3e7abe213", size = 28699, upload-time = "2023-04-12T21:45:25.421Z" }
wheels = [
    { url = "https://files.pythonhosted.org/packages/0d/f1/5f39e771cd730d347539bb74c6d496737b9d5f0a53bc9fdbf3e170f1ee48/blinker-1.6.2-py3-none-any.whl", hash = "sha256:c3d739772abb7bc2860abf5f2ec284223d9ad5c76da018234f6f50d6f31ab1f0", size = 13665, upload-time = "2023-04-12T21:45:23.155Z" },
]

[[package]]
name = "click"
version = "8.1.6"
source = { registry = "https://pypi.org/simple" }
dependencies = [
    { name = "colorama", marker = "sys_platform == 'win32'" },
]
sdist = { url = "https://files.pythonhosted.org/packages/72/bd/fedc277e7351917b6c4e0ac751853a97af261278a4c7808babafa8ef2120/click-8.1.6.tar.gz", hash = "sha256:48ee849951919527a045bfe3bf7baa8a959c423134e1a5b98c05c20ba75a1cbd", size = 336051, upload-time = "2023-07-18T20:05:13.823Z" }
wheels = [
    { url = "https://files.pythonhosted.org/packages/1a/70/e63223f8116931d365993d4a6b7ef653a4d920b41d03de7c59499962821f/click-8.1.6-py3-none-any.whl", hash = "sha256:fa244bb30b3b5ee2cae3da8f55c9e5e0c0e86093306301fb418eb9dc40fbded5", size = 97909, upload-time = "2023-07-18T20:05:12.481Z" },
]

[[package]]
name = "colorama"
version = "0.4.6"
source = { registry = "https://pypi.org/simple" }
sdist = { url = "https://files.pythonhosted.org/packages/d8/53/6f443c9a4a8358a93a6792e2acffb9d9d5cb0a5cfd8802644b7b1c9a02e4/colorama-0.4.6.tar.gz", hash = "sha256:08695f5cb7ed6e0531a20572697297273c47b8cae5a63ffc6d6ed5c201be6e44", size = 27697, upload-time = "2022-10-25T02:36:22.414Z" }
wheels = [
    { url = "https://files.pythonhosted.org/packages/d1/d6/3965ed04c63042e047cb6a3e6ed1a63a35087b6a609aa3a15ed8ac56c221/colorama-0.4.6-py2.py3-none-any.whl", hash = "sha256:4f1d9991f5acc0ca119f9d443620b77f9d6b33703e51011c16baf57afb285fc6", size = 25335, upload-time = "2022-10-25T02:36:20.889Z" },
]

[[package]]
name = "configparser"
version = "4.0.2"
source = { registry = "https://pypi.org/simple" }
sdist = { url = "https://files.pythonhosted.org/packages/16/4f/48975536bd488d3a272549eb795ac4a13a5f7fcdc8995def77fbef3532ee/configparser-4.0.2.tar.gz", hash = "sha256:c7d282687a5308319bf3d2e7706e575c635b0a470342641c93bea0ea3b5331df", size = 72498, upload-time = "2019-09-12T07:46:40.583Z" }
wheels = [
    { url = "https://files.pythonhosted.org/packages/7a/2a/95ed0501cf5d8709490b1d3a3f9b5cf340da6c433f896bbe9ce08dbe6785/configparser-4.0.2-py2.py3-none-any.whl", hash = "sha256:254c1d9c79f60c45dfde850850883d5aaa7f19a23f13561243a050d5a7c3fe4c", size = 22828, upload-time = "2019-09-12T07:46:33.392Z" },
]

[[package]]
name = "contextlib2"
version = "0.5.5"
source = { registry = "https://pypi.org/simple" }
sdist = { url = "https://files.pythonhosted.org/packages/6e/db/41233498c210b03ab8b072c8ee49b1cd63b3b0c76f8ea0a0e5d02df06898/contextlib2-0.5.5.tar.gz", hash = "sha256:509f9419ee91cdd00ba34443217d5ca51f5a364a404e1dce9e8979cea969ca48", size = 28755, upload-time = "2017-04-25T03:51:29.146Z" }
wheels = [
    { url = "https://files.pythonhosted.org/packages/a2/71/8273a7eeed0aff6a854237ab5453bc9aa67deb49df4832801c21f0ff3782/contextlib2-0.5.5-py2.py3-none-any.whl", hash = "sha256:f5260a6e679d2ff42ec91ec5252f4eeffdcf21053db9113bd0a8e4d953769c00", size = 8134, upload-time = "2017-04-25T03:51:27.246Z" },
]

[[package]]
name = "flask"
version = "2.3.2"
source = { registry = "https://pypi.org/simple" }
dependencies = [
    { name = "blinker" },
    { name = "click" },
    { name = "itsdangerous" },
    { name = "jinja2" },
    { name = "werkzeug" },
]
sdist = { url = "https://files.pythonhosted.org/packages/4d/00/ef81c18da32fdfcde6381c315f4b11597fb6691180a330418848efee0ae7/Flask-2.3.2.tar.gz", hash = "sha256:8c2f9abd47a9e8df7f0c3f091ce9497d011dc3b31effcf4c85a6e2b50f4114ef", size = 686251, upload-time = "2023-05-01T15:42:12.038Z" }
wheels = [
    { url = "https://files.pythonhosted.org/packages/fa/1a/f191d32818e5cd985bdd3f47a6e4f525e2db1ce5e8150045ca0c31813686/Flask-2.3.2-py3-none-any.whl", hash = "sha256:77fd4e1249d8c9923de34907236b747ced06e5467ecac1a7bb7115ae0e9670b0", size = 96867, upload-time = "2023-05-01T15:42:08.893Z" },
]

[[package]]
name = "funcsigs"
version = "1.0.2"
source = { registry = "https://pypi.org/simple" }
sdist = { url = "https://files.pythonhosted.org/packages/94/4a/db842e7a0545de1cdb0439bb80e6e42dfe82aaeaadd4072f2263a4fbed23/funcsigs-1.0.2.tar.gz", hash = "sha256:a7bb0f2cf3a3fd1ab2732cb49eba4252c2af4240442415b4abce3b87022a8f50", size = 27947, upload-time = "2016-04-25T22:22:33.882Z" }
wheels = [
    { url = "https://files.pythonhosted.org/packages/69/cb/f5be453359271714c01b9bd06126eaf2e368f1fddfff30818754b5ac2328/funcsigs-1.0.2-py2.py3-none-any.whl", hash = "sha256:330cc27ccbf7f1e992e69fef78261dc7c6569012cf397db8d3de0234e6c937ca", size = 17697, upload-time = "2016-04-25T22:22:05.222Z" },
]

[[package]]
name = "importlib-metadata"
version = "6.8.0"
source = { registry = "https://pypi.org/simple" }
dependencies = [
    { name = "zipp" },
]
sdist = { url = "https://files.pythonhosted.org/packages/33/44/ae06b446b8d8263d712a211e959212083a5eda2bf36d57ca7415e03f6f36/importlib_metadata-6.8.0.tar.gz", hash = "sha256:dbace7892d8c0c4ac1ad096662232f831d4e64f4c4545bd53016a3e9d4654743", size = 53494, upload-time = "2023-07-07T16:16:03.091Z" }
wheels = [
    { url = "https://files.pythonhosted.org/packages/cc/37/db7ba97e676af155f5fcb1a35466f446eadc9104e25b83366e8088c9c926/importlib_metadata-6.8.0-py3-none-any.whl", hash = "sha256:3ebb78df84a805d7698245025b975d9d67053cd94c79245ba4b3eb694abe68bb", size = 22933, upload-time = "2023-07-07T16:16:01.381Z" },
]

[[package]]
name = "itsdangerous"
version = "2.1.2"
source = { registry = "https://pypi.org/simple" }
sdist = { url = "https://files.pythonhosted.org/packages/7f/a1/d3fb83e7a61fa0c0d3d08ad0a94ddbeff3731c05212617dff3a94e097f08/itsdangerous-2.1.2.tar.gz", hash = "sha256:5dbbc68b317e5e42f327f9021763545dc3fc3bfe22e6deb96aaf1fc38874156a", size = 56143, upload-time = "2022-03-24T15:12:15.102Z" }
wheels = [
    { url = "https://files.pythonhosted.org/packages/68/5f/447e04e828f47465eeab35b5d408b7ebaaaee207f48b7136c5a7267a30ae/itsdangerous-2.1.2-py3-none-any.whl", hash = "sha256:2c2349112351b88699d8d4b6b075022c0808887cb7ad10069318a8b0bc88db44", size = 15749, upload-time = "2022-03-24T15:12:13.2Z" },
]

[[package]]
name = "jinja2"
version = "3.1.6"
source = { registry = "https://pypi.org/simple" }
dependencies = [
    { name = "markupsafe" },
]
sdist = { url = "https://files.pythonhosted.org/packages/df/bf/f7da0350254c0ed7c72f3e33cef02e048281fec7ecec5f032d4aac52226b/jinja2-3.1.6.tar.gz", hash = "sha256:0137fb05990d35f1275a587e9aee6d56da821fc83491a0fb838183be43f66d6d", size = 245115, upload-time = "2025-03-05T20:05:02.478Z" }
wheels = [
    { url = "https://files.pythonhosted.org/packages/62/a1/3d680cbfd5f4b8f15abc1d571870c5fc3e594bb582bc3b64ea099db13e56/jinja2-3.1.6-py3-none-any.whl", hash = "sha256:85ece4451f492d0c13c5dd7c13a64681a86afae63a5f347908daf103ce6d2f67", size = 134899, upload-time = "2025-03-05T20:05:00.369Z" },
]

[[package]]
name = "markupsafe"
version = "2.1.3"
source = { registry = "https://pypi.org/simple" }
sdist = { url = "https://files.pythonhosted.org/packages/6d/7c/59a3248f411813f8ccba92a55feaac4bf360d29e2ff05ee7d8e1ef2d7dbf/MarkupSafe-2.1.3.tar.gz", hash = "sha256:af598ed32d6ae86f1b747b82783958b1a4ab8f617b06fe68795c7f026abbdcad", size = 19132, upload-time = "2023-06-02T21:43:45.578Z" }

[[package]]
name = "more-itertools"
version = "5.0.0"
source = { registry = "https://pypi.org/simple" }
dependencies = [
    { name = "six" },
]
sdist = { url = "https://files.pythonhosted.org/packages/dd/26/30fc0d541d9fdf55faf5ba4b0fd68f81d5bd2447579224820ad525934178/more-itertools-5.0.0.tar.gz", hash = "sha256:38a936c0a6d98a38bcc2d03fdaaedaba9f412879461dd2ceff8d37564d6522e4", size = 67359, upload-time = "2018-12-27T19:48:10.197Z" }
wheels = [
    { url = "https://files.pythonhosted.org/packages/a4/a6/42f17d065bda1fac255db13afc94c93dbfb64393eae37c749b4cb0752fc7/more_itertools-5.0.0-py3-none-any.whl", hash = "sha256:fe7a7cae1ccb57d33952113ff4fa1bc5f879963600ed74918f1236e212ee50b9", size = 52304, upload-time = "2018-12-27T19:48:08.733Z" },
]

[[package]]
name = "mtapi"
version = "0.1.0"
source = { virtual = "." }
dependencies = [
    { name = "atomicwrites" },
    { name = "attrs" },
    { name = "blinker" },
    { name = "click" },
    { name = "configparser" },
    { name = "contextlib2" },
    { name = "flask" },
    { name = "funcsigs" },
    { name = "importlib-metadata" },
    { name = "itsdangerous" },
    { name = "jinja2" },
    { name = "markupsafe" },
    { name = "more-itertools" },
    { name = "packaging" },
    { name = "pathlib2" },
    { name = "pluggy" },
    { name = "protobuf" },
    { name = "py" },
    { name = "pyparsing" },
    { name = "pytest" },
    { name = "pytz" },
    { name = "scandir" },
    { name = "six" },
    { name = "wcwidth" },
    { name = "werkzeug" },
    { name = "zipp" },
]

[package.metadata]
requires-dist = [
    { name = "atomicwrites", specifier = "==1.3.0" },
    { name = "attrs", specifier = "==19.1.0" },
    { name = "blinker", specifier = "==1.6.2" },
    { name = "click", specifier = "==8.1.6" },
    { name = "configparser", specifier = "==4.0.2" },
    { name = "contextlib2", specifier = "==0.5.5" },
    { name = "flask", specifier = "==2.3.2" },
    { name = "funcsigs", specifier = "==1.0.2" },
    { name = "importlib-metadata", specifier = "==6.8.0" },
    { name = "itsdangerous", specifier = "==2.1.2" },
    { name = "jinja2", specifier = "==3.1.6" },
    { name = "markupsafe", specifier = "==2.1.3" },
    { name = "more-itertools", specifier = "==5.0.0" },
    { name = "packaging", specifier = "==19.1" },
    { name = "pathlib2", specifier = "==2.3.4" },
    { name = "pluggy", specifier = "==0.13.0" },
    { name = "protobuf", specifier = "==3.20.3" },
    { name = "py", specifier = "==1.10.0" },
    { name = "pyparsing", specifier = "==2.4.2" },
    { name = "pytest", specifier = "==5.1.2" },
    { name = "pytz", specifier = "==2019.2" },
    { name = "scandir", specifier = "==1.10.0" },
    { name = "six", specifier = "==1.16.0" },
    { name = "wcwidth", specifier = "==0.1.7" },
    { name = "werkzeug", specifier = "==3.1.4" },
    { name = "zipp", specifier = "==3.19.1" },
]

[[package]]
name = "packaging"
version = "19.1"
source = { registry = "https://pypi.org/simple" }
dependencies = [
    { name = "attrs" },
    { name = "pyparsing" },
    { name = "six" },
]
sdist = { url = "https://files.pythonhosted.org/packages/8b/3a/5bfe64c319be5775ed7ea3bc1a8e5667e0d57a740cc0498ce03e032eaf93/packaging-19.1.tar.gz", hash = "sha256:c491ca87294da7cc01902edbe30a5bc6c4c28172b5138ab4e4aa1b9d7bfaeafe", size = 57886, upload-time = "2019-07-30T06:33:00.736Z" }
wheels = [
    { url = "https://files.pythonhosted.org/packages/ec/22/630ac83e8f8a9566c4f88038447ed9e16e6f10582767a01f31c769d9a71e/packaging-19.1-py2.py3-none-any.whl", hash = "sha256:a7ac867b97fdc07ee80a8058fe4435ccd274ecc3b0ed61d852d7d53055528cf9", size = 30126, upload-time = "2019-07-30T06:32:58.691Z" },
]

[[package]]
name = "pathlib2"
version = "2.3.4"
source = { registry = "https://pypi.org/simple" }
dependencies = [
    { name = "six" },
]
sdist = { url = "https://files.pythonhosted.org/packages/b5/f4/9c7cc726ece2498b6c8b62d3262aa43f59039b953fe23c9964ac5e18d40b/pathlib2-2.3.4.tar.gz", hash = "sha256:446014523bb9be5c28128c4d2a10ad6bb60769e78bd85658fe44a450674e0ef8", size = 34325, upload-time = "2019-06-25T09:06:42.269Z" }
wheels = [
    { url = "https://files.pythonhosted.org/packages/67/c6/4dbf5dfdbe1140cadf765c3896acc098578626c35721bc7d3eb35f6a8fc1/pathlib2-2.3.4-py2.py3-none-any.whl", hash = "sha256:2156525d6576d21c4dcaddfa427fae887ef89a7a9de5cbfe0728b3aafa78427e", size = 18182, upload-time = "2019-06-25T09:06:40.622Z" },
]

[[package]]
name = "pluggy"
version = "0.13.0"
source = { registry = "https://pypi.org/simple" }
sdist = { url = "https://files.pythonhosted.org/packages/d7/9d/ae82a5facf2dd89f557a33ad18eb68e5ac7b7a75cf52bf6a208f29077ecf/pluggy-0.13.0.tar.gz", hash = "sha256:fa5fa1622fa6dd5c030e9cad086fa19ef6a0cf6d7a2d12318e10cb49d6d68f34", size = 57726, upload-time = "2019-09-10T20:14:49.706Z" }
wheels = [
    { url = "https://files.pythonhosted.org/packages/92/c7/48439f7d5fd6bddb4c04b850bb862b42e3e2b98570040dfaf68aedd8114b/pluggy-0.13.0-py2.py3-none-any.whl", hash = "sha256:0db4b7601aae1d35b4a033282da476845aa19185c1e6964b25cf324b5e4ec3e6", size = 17872, upload-time = "2019-09-10T20:14:47.794Z" },
]

[[package]]
name = "protobuf"
version = "3.20.3"
source = { registry = "https://pypi.org/simple" }
sdist = { url = "https://files.pythonhosted.org/packages/55/5b/e3d951e34f8356e5feecacd12a8e3b258a1da6d9a03ad1770f28925f29bc/protobuf-3.20.3.tar.gz", hash = "sha256:2e3427429c9cffebf259491be0af70189607f365c2f41c7c3764af6f337105f2", size = 216768, upload-time = "2022-09-29T22:39:47.592Z" }
wheels = [
    { url = "https://files.pythonhosted.org/packages/8d/14/619e24a4c70df2901e1f4dbc50a6291eb63a759172558df326347dce1f0d/protobuf-3.20.3-py2.py3-none-any.whl", hash = "sha256:a7ca6d488aa8ff7f329d4c545b2dbad8ac31464f1d8b1c87ad1346717731e4db", size = 162128, upload-time = "2022-09-29T22:39:44.547Z" },
]

[[package]]
name = "py"
version = "1.10.0"
source = { registry = "https://pypi.org/simple" }
sdist = { url = "https://files.pythonhosted.org/packages/0d/8c/50e9f3999419bb7d9639c37e83fa9cdcf0f601a9d407162d6c37ad60be71/py-1.10.0.tar.gz", hash = "sha256:21b81bda15b66ef5e1a777a21c4dcd9c20ad3efd0b3f817e7a809035269e1bd3", size = 206984, upload-time = "2020-12-12T12:12:37.484Z" }
wheels = [
    { url = "https://files.pythonhosted.org/packages/67/32/6fe01cfc3d1a27c92fdbcdfc3f67856da8cbadf0dd9f2e18055202b2dc62/py-1.10.0-py2.py3-none-any.whl", hash = "sha256:3b80836aa6d1feeaa108e046da6423ab8f6ceda6468545ae8d02d9d58d18818a", size = 97631, upload-time = "2020-12-12T12:12:36.333Z" },
]

[[package]]
name = "pyparsing"
version = "2.4.2"
source = { registry = "https://pypi.org/simple" }
sdist = { url = "https://files.pythonhosted.org/packages/7e/24/eaa8d7003aee23eda270099eeec754d7bf4399f75c6a011ef948304f66a2/pyparsing-2.4.2.tar.gz", hash = "sha256:6f98a7b9397e206d78cc01df10131398f1c8b8510a2f4d97d9abd82e1aacdd80", size = 642860, upload-time = "2019-07-30T01:35:43.499Z" }
wheels = [
    { url = "https://files.pythonhosted.org/packages/11/fa/0160cd525c62d7abd076a070ff02b2b94de589f1a9789774f17d7c54058e/pyparsing-2.4.2-py2.py3-none-any.whl", hash = "sha256:d9338df12903bbf5d65a0e4e87c2161968b10d2e489652bb47001d82a9b028b4", size = 65453, upload-time = "2019-07-30T01:35:39.713Z" },
]

[[package]]
name = "pytest"
version = "5.1.2"
source = { registry = "https://pypi.org/simple" }
dependencies = [
    { name = "atomicwrites" },
    { name = "attrs" },
    { name = "colorama", marker = "sys_platform == 'win32'" },
    { name = "more-itertools" },
    { name = "packaging" },
    { name = "pluggy" },
    { name = "py" },
    { name = "wcwidth" },
]
sdist = { url = "https://files.pythonhosted.org/packages/c3/66/228ce6dca2b4d2cd5f9c1244aca14e0b13c31e4dbdf39294e782a1c78f12/pytest-5.1.2.tar.gz", hash = "sha256:b78fe2881323bd44fd9bd76e5317173d4316577e7b1cddebae9136a4495ec865", size = 966963, upload-time = "2019-08-30T19:02:58.581Z" }
wheels = [
    { url = "https://files.pythonhosted.org/packages/2f/19/d5f71752f71451ccc5ed5f6739e9da4a235f38783fdaf3629cae41b2ca7b/pytest-5.1.2-py3-none-any.whl", hash = "sha256:95d13143cc14174ca1a01ec68e84d76ba5d9d493ac02716fd9706c949a505210", size = 224159, upload-time = "2019-08-30T19:02:55.16Z" },
]

[[package]]
name = "pytz"
version = "2019.2"
source = { registry = "https://pypi.org/simple" }
sdist = { url = "https://files.pythonhosted.org/packages/27/c0/fbd352ca76050952a03db776d241959d5a2ee1abddfeb9e2a53fdb489be4/pytz-2019.2.tar.gz", hash = "sha256:26c0b32e437e54a18161324a2fca3c4b9846b74a8dccddd843113109e1116b32", size = 307474, upload-time = "2019-07-31T16:29:15.408Z" }
wheels = [
    { url = "https://files.pythonhosted.org/packages/87/76/46d697698a143e05f77bec5a526bf4e56a0be61d63425b68f4ba553b51f2/pytz-2019.2-py2.py3-none-any.whl", hash = "sha256:c894d57500a4cd2d5c71114aaab77dbab5eabd9022308ce5ac9bb93a60a6f0c7", size = 508914, upload-time = "2019-07-31T16:29:10.935Z" },
]

[[package]]
name = "scandir"
version = "1.10.0"
source = { registry = "https://pypi.org/simple" }
sdist = { url = "https://files.pythonhosted.org/packages/df/f5/9c052db7bd54d0cbf1bc0bb6554362bba1012d03e5888950a4f5c5dadc4e/scandir-1.10.0.tar.gz", hash = "sha256:4d4631f6062e658e9007ab3149a9b914f3548cb38bfb021c64f39a025ce578ae", size = 33311, upload-time = "2019-03-09T17:58:33.269Z" }

[[package]]
name = "six"
version = "1.16.0"
source = { registry = "https://pypi.org/simple" }
sdist = { url = "https://files.pythonhosted.org/packages/71/39/171f1c67cd00715f190ba0b100d606d440a28c93c7714febeca8b79af85e/six-1.16.0.tar.gz", hash = "sha256:1e61c37477a1626458e36f7b1d82aa5c9b094fa4802892072e49de9c60c4c926", size = 34041, upload-time = "2021-05-05T14:18:18.379Z" }
wheels = [
    { url = "https://files.pythonhosted.org/packages/d9/5a/e7c31adbe875f2abbb91bd84cf2dc52d792b5a01506781dbcf25c91daf11/six-1.16.0-py2.py3-none-any.whl", hash = "sha256:8abb2f1d86890a2dfb989f9a77cfcfd3e47c2a354b01111771326f8aa26e0254", size = 11053, upload-time = "2021-05-05T14:18:17.237Z" },
]

[[package]]
name = "wcwidth"
version = "0.1.7"
source = { registry = "https://pypi.org/simple" }
sdist = { url = "https://files.pythonhosted.org/packages/55/11/e4a2bb08bb450fdbd42cc709dd40de4ed2c472cf0ccb9e64af22279c5495/wcwidth-0.1.7.tar.gz", hash = "sha256:3df37372226d6e63e1b1e1eda15c594bca98a22d33a23832a90998faa96bc65e", size = 22884, upload-time = "2016-07-02T16:42:04.762Z" }
wheels = [
    { url = "https://files.pythonhosted.org/packages/7e/9f/526a6947247599b084ee5232e4f9190a38f398d7300d866af3ab571a5bfe/wcwidth-0.1.7-py2.py3-none-any.whl", hash = "sha256:f4ebe71925af7b40a864553f761ed559b43544f8f71746c2d756c7fe788ade7c", size = 21014, upload-time = "2016-07-02T16:42:09.398Z" },
]

[[package]]
name = "werkzeug"
version = "3.1.4"
source = { registry = "https://pypi.org/simple" }
dependencies = [
    { name = "markupsafe" },
]
sdist = { url = "https://files.pythonhosted.org/packages/45/ea/b0f8eeb287f8df9066e56e831c7824ac6bab645dd6c7a8f4b2d767944f9b/werkzeug-3.1.4.tar.gz", hash = "sha256:cd3cd98b1b92dc3b7b3995038826c68097dcb16f9baa63abe35f20eafeb9fe5e", size = 864687, upload-time = "2025-11-29T02:15:22.841Z" }
wheels = [
    { url = "https://files.pythonhosted.org/packages/2f/f9/9e082990c2585c744734f85bec79b5dae5df9c974ffee58fe421652c8e91/werkzeug-3.1.4-py3-none-any.whl", hash = "sha256:2ad50fb9ed09cc3af22c54698351027ace879a0b60a3b5edf5730b2f7d876905", size = 224960, upload-time = "2025-11-29T02:15:21.13Z" },
]

[[package]]
name = "zipp"
version = "3.19.1"
source = { registry = "https://pypi.org/simple" }
sdist = { url = "https://files.pythonhosted.org/packages/4f/a1/ac66fba5917fb7860f91cb251ac6cf838923a8abe89e059cc1988cb256d1/zipp-3.19.1.tar.gz", hash = "sha256:35427f6d5594f4acf82d25541438348c26736fa9b3afa2754bcd63cdb99d8e8f", size = 22625, upload-time = "2024-05-31T16:39:21.514Z" }
wheels = [
    { url = "https://files.pythonhosted.org/packages/82/1a/ac67760425f2477b1da593b347db66d474130747e6e5285d08c7f2d5884a/zipp-3.19.1-py3-none-any.whl", hash = "sha256:2828e64edb5386ea6a52e7ba7cdb17bb30a73a858f5eb6eb93d8d36f5ea26091", size = 8951, upload-time = "2024-05-31T16:39:19.68Z" },
]
